
Microsoft Visual Studio Solution File, Format Version 12.00
# Visual Studio Version 16
VisualStudioVersion = 16.0.29025.244
MinimumVisualStudioVersion = 10.0.40219.1
Project("{FAE04EC0-301F-11D3-BF4B-00C04F79EFBC}") = "MejorNavegador", "MejorNavegador\MejorNavegador.csproj", "{91579B86-7673-4655-B67F-B1F6DB928C87}"
EndProject
Global
	GlobalSection(SolutionConfigurationPlatforms) = preSolution
		Debug|Any CPU = Debug|Any CPU
		Release|Any CPU = Release|Any CPU
	EndGlobalSection
	GlobalSection(ProjectConfigurationPlatforms) = postSolution
		{91579B86-7673-4655-B67F-B1F6DB928C87}.Debug|Any CPU.ActiveCfg = Debug|Any CPU
		{91579B86-7673-4655-B67F-B1F6DB928C87}.Debug|Any CPU.Build.0 = Debug|Any CPU
		{91579B86-7673-4655-B67F-B1F6DB928C87}.Release|Any CPU.ActiveCfg = Release|Any CPU
		{91579B86-7673-4655-B67F-B1F6DB928C87}.Release|Any CPU.Build.0 = Release|Any CPU
	EndGlobalSection
	GlobalSection(SolutionProperties) = preSolution
		HideSolutionNode = FALSE
	EndGlobalSection
	GlobalSection(ExtensibilityGlobals) = postSolution
		SolutionGuid = {313E306B-905A-488E-8AC8-50F08222889D}
	EndGlobalSection
EndGlobal
